
Microsoft Visual Studio Solution File, Format Version 12.00
# Visual Studio Version 16
VisualStudioVersion = 16.0.30114.105
MinimumVisualStudioVersion = 10.0.40219.1
Project("{FAE04EC0-301F-11D3-BF4B-00C04F79EFBC}") = "Ejercicio3", "Ejercicio3.csproj", "{5954587E-BA76-4FB3-817D-6FB6CB602C4C}"
EndProject
Global
	GlobalSection(SolutionConfigurationPlatforms) = preSolution
		Debug|Any CPU = Debug|Any CPU
		Release|Any CPU = Release|Any CPU
	EndGlobalSection
	GlobalSection(ProjectConfigurationPlatforms) = postSolution
		{5954587E-BA76-4FB3-817D-6FB6CB602C4C}.Debug|Any CPU.ActiveCfg = Debug|Any CPU
		{5954587E-BA76-4FB3-817D-6FB6CB602C4C}.Debug|Any CPU.Build.0 = Debug|Any CPU
		{5954587E-BA76-4FB3-817D-6FB6CB602C4C}.Release|Any CPU.ActiveCfg = Release|Any CPU
		{5954587E-BA76-4FB3-817D-6FB6CB602C4C}.Release|Any CPU.Build.0 = Release|Any CPU
	EndGlobalSection
	GlobalSection(SolutionProperties) = preSolution
		HideSolutionNode = FALSE
	EndGlobalSection
	GlobalSection(ExtensibilityGlobals) = postSolution
		SolutionGuid = {3F45D29C-0CA6-4A02-94BA-9206D7B49009}
	EndGlobalSection
EndGlobal
